
Microsoft Visual Studio Solution File, Format Version 12.00
# Visual Studio 15
VisualStudioVersion = 15.0.27130.2027
MinimumVisualStudioVersion = 10.0.40219.1
Project("{FAE04EC0-301F-11D3-BF4B-00C04F79EFBC}") = "SwitchNetworkUI", "SwitchNetworkUI\SwitchNetworkUI.csproj", "{87F89802-BC71-4CE8-91EE-A1164606233E}"
EndProject
Global
	GlobalSection(SolutionConfigurationPlatforms) = preSolution
		Debug|Any CPU = Debug|Any CPU
		Release|Any CPU = Release|Any CPU
	EndGlobalSection
	GlobalSection(ProjectConfigurationPlatforms) = postSolution
		{87F89802-BC71-4CE8-91EE-A1164606233E}.Debug|Any CPU.ActiveCfg = Debug|Any CPU
		{87F89802-BC71-4CE8-91EE-A1164606233E}.Debug|Any CPU.Build.0 = Debug|Any CPU
		{87F89802-BC71-4CE8-91EE-A1164606233E}.Release|Any CPU.ActiveCfg = Release|Any CPU
		{87F89802-BC71-4CE8-91EE-A1164606233E}.Release|Any CPU.Build.0 = Release|Any CPU
	EndGlobalSection
	GlobalSection(SolutionProperties) = preSolution
		HideSolutionNode = FALSE
	EndGlobalSection
	GlobalSection(ExtensibilityGlobals) = postSolution
		SolutionGuid = {036B3D4F-C46A-49D3-BF04-67D233713C02}
	EndGlobalSection
EndGlobal
